
Microsoft Visual Studio Solution File, Format Version 12.00
# Visual Studio Version 17
VisualStudioVersion = 17.6.33829.357
MinimumVisualStudioVersion = 10.0.40219.1
Project("{FAE04EC0-301F-11D3-BF4B-00C04F79EFBC}") = "Demo03EntityFrameWork", "Demo03EntityFrameWork\Demo03EntityFrameWork.csproj", "{C80D0138-7A23-4856-BC4B-3875CEFF3C7C}"
EndProject
Global
	GlobalSection(SolutionConfigurationPlatforms) = preSolution
		Debug|Any CPU = Debug|Any CPU
		Release|Any CPU = Release|Any CPU
	EndGlobalSection
	GlobalSection(ProjectConfigurationPlatforms) = postSolution
		{C80D0138-7A23-4856-BC4B-3875CEFF3C7C}.Debug|Any CPU.ActiveCfg = Debug|Any CPU
		{C80D0138-7A23-4856-BC4B-3875CEFF3C7C}.Debug|Any CPU.Build.0 = Debug|Any CPU
		{C80D0138-7A23-4856-BC4B-3875CEFF3C7C}.Release|Any CPU.ActiveCfg = Release|Any CPU
		{C80D0138-7A23-4856-BC4B-3875CEFF3C7C}.Release|Any CPU.Build.0 = Release|Any CPU
	EndGlobalSection
	GlobalSection(SolutionProperties) = preSolution
		HideSolutionNode = FALSE
	EndGlobalSection
	GlobalSection(ExtensibilityGlobals) = postSolution
		SolutionGuid = {503CA2AD-97B9-47D8-8816-B19720354B36}
	EndGlobalSection
EndGlobal
